
Microsoft Visual Studio Solution File, Format Version 12.00
Project("{FAE04EC0-301F-11D3-BF4B-00C04F79EFBC}") = "cw8", "cw8\cw8.csproj", "{77FC46F2-AD3B-4AFF-A6C3-5559A6F19777}"
EndProject
Global
	GlobalSection(SolutionConfigurationPlatforms) = preSolution
		Debug|Any CPU = Debug|Any CPU
		Release|Any CPU = Release|Any CPU
	EndGlobalSection
	GlobalSection(ProjectConfigurationPlatforms) = postSolution
		{77FC46F2-AD3B-4AFF-A6C3-5559A6F19777}.Debug|Any CPU.ActiveCfg = Debug|Any CPU
		{77FC46F2-AD3B-4AFF-A6C3-5559A6F19777}.Debug|Any CPU.Build.0 = Debug|Any CPU
		{77FC46F2-AD3B-4AFF-A6C3-5559A6F19777}.Release|Any CPU.ActiveCfg = Release|Any CPU
		{77FC46F2-AD3B-4AFF-A6C3-5559A6F19777}.Release|Any CPU.Build.0 = Release|Any CPU
	EndGlobalSection
EndGlobal
